
Microsoft Visual Studio Solution File, Format Version 12.00
# Visual Studio Version 16
VisualStudioVersion = 16.0.32901.82
MinimumVisualStudioVersion = 10.0.40219.1
Project("{FAE04EC0-301F-11D3-BF4B-00C04F79EFBC}") = "RSS_Proje", "RSS_Proje\RSS_Proje.csproj", "{37679917-3B0E-40FB-BDF6-5BD06180DCEC}"
EndProject
Global
	GlobalSection(SolutionConfigurationPlatforms) = preSolution
		Debug|Any CPU = Debug|Any CPU
		Release|Any CPU = Release|Any CPU
	EndGlobalSection
	GlobalSection(ProjectConfigurationPlatforms) = postSolution
		{37679917-3B0E-40FB-BDF6-5BD06180DCEC}.Debug|Any CPU.ActiveCfg = Debug|Any CPU
		{37679917-3B0E-40FB-BDF6-5BD06180DCEC}.Debug|Any CPU.Build.0 = Debug|Any CPU
		{37679917-3B0E-40FB-BDF6-5BD06180DCEC}.Release|Any CPU.ActiveCfg = Release|Any CPU
		{37679917-3B0E-40FB-BDF6-5BD06180DCEC}.Release|Any CPU.Build.0 = Release|Any CPU
	EndGlobalSection
	GlobalSection(SolutionProperties) = preSolution
		HideSolutionNode = FALSE
	EndGlobalSection
	GlobalSection(ExtensibilityGlobals) = postSolution
		SolutionGuid = {C3AA615C-21C3-4060-BD2B-DEBAFE07E1EE}
	EndGlobalSection
EndGlobal
